
Microsoft Visual Studio Solution File, Format Version 11.00
# Visual Studio 2010
Project("{FAE04EC0-301F-11D3-BF4B-00C04F79EFBC}") = "MohidRun", "MohidRun\MohidRun.csproj", "{C9886C9B-EBBC-459B-8D0E-A8E09D74A5D0}"
EndProject
Project("{FAE04EC0-301F-11D3-BF4B-00C04F79EFBC}") = "Toolbox.Core", "Toolbox.Core\Toolbox.Core.csproj", "{A097A2F3-1139-4FE9-8BB9-E09C4A58A0BA}"
EndProject
Project("{FAE04EC0-301F-11D3-BF4B-00C04F79EFBC}") = "Tests", "Tests\Tests.csproj", "{F79FAB32-8BB9-4EED-9488-0763320D4C84}"
EndProject
Project("{2150E333-8FDC-42A3-9474-1A3956D46DE8}") = "Solution Items", "Solution Items", "{98897B97-F00E-4DD6-9BED-5402BAD953DA}"
	ProjectSection(SolutionItems) = preProject
		Local.testsettings = Local.testsettings
		Toolbox.vsmdi = Toolbox.vsmdi
		TraceAndTestImpact.testsettings = TraceAndTestImpact.testsettings
	EndProjectSection
EndProject
Global
	GlobalSection(TestCaseManagementSettings) = postSolution
		CategoryFile = Toolbox.vsmdi
	EndGlobalSection
	GlobalSection(SolutionConfigurationPlatforms) = preSolution
		Debug|Any CPU = Debug|Any CPU
		Debug|Mixed Platforms = Debug|Mixed Platforms
		Debug|x86 = Debug|x86
		Release|Any CPU = Release|Any CPU
		Release|Mixed Platforms = Release|Mixed Platforms
		Release|x86 = Release|x86
	EndGlobalSection
	GlobalSection(ProjectConfigurationPlatforms) = postSolution
		{C9886C9B-EBBC-459B-8D0E-A8E09D74A5D0}.Debug|Any CPU.ActiveCfg = Debug|x86
		{C9886C9B-EBBC-459B-8D0E-A8E09D74A5D0}.Debug|Mixed Platforms.ActiveCfg = Debug|x86
		{C9886C9B-EBBC-459B-8D0E-A8E09D74A5D0}.Debug|Mixed Platforms.Build.0 = Debug|x86
		{C9886C9B-EBBC-459B-8D0E-A8E09D74A5D0}.Debug|x86.ActiveCfg = Debug|x86
		{C9886C9B-EBBC-459B-8D0E-A8E09D74A5D0}.Debug|x86.Build.0 = Debug|x86
		{C9886C9B-EBBC-459B-8D0E-A8E09D74A5D0}.Release|Any CPU.ActiveCfg = Release|x86
		{C9886C9B-EBBC-459B-8D0E-A8E09D74A5D0}.Release|Mixed Platforms.ActiveCfg = Release|x86
		{C9886C9B-EBBC-459B-8D0E-A8E09D74A5D0}.Release|Mixed Platforms.Build.0 = Release|x86
		{C9886C9B-EBBC-459B-8D0E-A8E09D74A5D0}.Release|x86.ActiveCfg = Release|x86
		{C9886C9B-EBBC-459B-8D0E-A8E09D74A5D0}.Release|x86.Build.0 = Release|x86
		{A097A2F3-1139-4FE9-8BB9-E09C4A58A0BA}.Debug|Any CPU.ActiveCfg = Debug|Any CPU
		{A097A2F3-1139-4FE9-8BB9-E09C4A58A0BA}.Debug|Any CPU.Build.0 = Debug|Any CPU
		{A097A2F3-1139-4FE9-8BB9-E09C4A58A0BA}.Debug|Mixed Platforms.ActiveCfg = Debug|Any CPU
		{A097A2F3-1139-4FE9-8BB9-E09C4A58A0BA}.Debug|Mixed Platforms.Build.0 = Debug|Any CPU
		{A097A2F3-1139-4FE9-8BB9-E09C4A58A0BA}.Debug|x86.ActiveCfg = Debug|Any CPU
		{A097A2F3-1139-4FE9-8BB9-E09C4A58A0BA}.Release|Any CPU.ActiveCfg = Release|Any CPU
		{A097A2F3-1139-4FE9-8BB9-E09C4A58A0BA}.Release|Any CPU.Build.0 = Release|Any CPU
		{A097A2F3-1139-4FE9-8BB9-E09C4A58A0BA}.Release|Mixed Platforms.ActiveCfg = Release|Any CPU
		{A097A2F3-1139-4FE9-8BB9-E09C4A58A0BA}.Release|Mixed Platforms.Build.0 = Release|Any CPU
		{A097A2F3-1139-4FE9-8BB9-E09C4A58A0BA}.Release|x86.ActiveCfg = Release|Any CPU
		{F79FAB32-8BB9-4EED-9488-0763320D4C84}.Debug|Any CPU.ActiveCfg = Debug|Any CPU
		{F79FAB32-8BB9-4EED-9488-0763320D4C84}.Debug|Any CPU.Build.0 = Debug|Any CPU
		{F79FAB32-8BB9-4EED-9488-0763320D4C84}.Debug|Mixed Platforms.ActiveCfg = Debug|Any CPU
		{F79FAB32-8BB9-4EED-9488-0763320D4C84}.Debug|Mixed Platforms.Build.0 = Debug|Any CPU
		{F79FAB32-8BB9-4EED-9488-0763320D4C84}.Debug|x86.ActiveCfg = Debug|Any CPU
		{F79FAB32-8BB9-4EED-9488-0763320D4C84}.Release|Any CPU.ActiveCfg = Release|Any CPU
		{F79FAB32-8BB9-4EED-9488-0763320D4C84}.Release|Any CPU.Build.0 = Release|Any CPU
		{F79FAB32-8BB9-4EED-9488-0763320D4C84}.Release|Mixed Platforms.ActiveCfg = Release|Any CPU
		{F79FAB32-8BB9-4EED-9488-0763320D4C84}.Release|Mixed Platforms.Build.0 = Release|Any CPU
		{F79FAB32-8BB9-4EED-9488-0763320D4C84}.Release|x86.ActiveCfg = Release|Any CPU
	EndGlobalSection
	GlobalSection(SolutionProperties) = preSolution
		HideSolutionNode = FALSE
	EndGlobalSection
EndGlobal
